# This file is automatically @generated by Cargo.
# It is not intended for manual editing.
version = 4

[[package]]
name = "alyx-compiler"
version = "0.1.0"
dependencies = [
 "alyx-ir",
 "alyx-plan",
]

[[package]]
name = "alyx-core"
version = "0.1.0"
dependencies = [
 "alyx-compiler",
 "alyx-ir",
 "alyx-plan",
]

[[package]]
name = "alyx-ir"
version = "0.1.0"

[[package]]
name = "alyx-plan"
version = "0.1.0"
dependencies = [
 "alyx-ir",
]
